
Microsoft Visual Studio Solution File, Format Version 12.00
# Visual Studio Version 17
VisualStudioVersion = 17.6.33723.286
MinimumVisualStudioVersion = 10.0.40219.1
Project("{FAE04EC0-301F-11D3-BF4B-00C04F79EFBC}") = "ochoreinas", "ochoreinas\ochoreinas.csproj", "{84AE62FE-CC21-4994-9AF1-9BAFF568EB56}"
EndProject
Global
	GlobalSection(SolutionConfigurationPlatforms) = preSolution
		Debug|Any CPU = Debug|Any CPU
		Release|Any CPU = Release|Any CPU
	EndGlobalSection
	GlobalSection(ProjectConfigurationPlatforms) = postSolution
		{84AE62FE-CC21-4994-9AF1-9BAFF568EB56}.Debug|Any CPU.ActiveCfg = Debug|Any CPU
		{84AE62FE-CC21-4994-9AF1-9BAFF568EB56}.Debug|Any CPU.Build.0 = Debug|Any CPU
		{84AE62FE-CC21-4994-9AF1-9BAFF568EB56}.Release|Any CPU.ActiveCfg = Release|Any CPU
		{84AE62FE-CC21-4994-9AF1-9BAFF568EB56}.Release|Any CPU.Build.0 = Release|Any CPU
	EndGlobalSection
	GlobalSection(SolutionProperties) = preSolution
		HideSolutionNode = FALSE
	EndGlobalSection
	GlobalSection(ExtensibilityGlobals) = postSolution
		SolutionGuid = {A5BAF57A-7C86-4F33-A0D0-5C6584EE9B4F}
	EndGlobalSection
EndGlobal
